
Microsoft Visual Studio Solution File, Format Version 12.00
# Visual Studio 15
VisualStudioVersion = 15.0.27428.2005
MinimumVisualStudioVersion = 10.0.40219.1
Project("{FAE04EC0-301F-11D3-BF4B-00C04F79EFBC}") = "Client", "Client\Client.csproj", "{9EAA0064-25EF-47FA-AF58-9579E5318104}"
EndProject
Project("{FAE04EC0-301F-11D3-BF4B-00C04F79EFBC}") = "Service", "Server\Service.csproj", "{88B181D9-BA18-4C31-B87D-B9741FE855FB}"
EndProject
Project("{FAE04EC0-301F-11D3-BF4B-00C04F79EFBC}") = "ContractLibrary", "ContractLibrary\ContractLibrary.csproj", "{47972F6B-50B9-45A1-A3BE-CD7229E52E58}"
EndProject
Global
	GlobalSection(SolutionConfigurationPlatforms) = preSolution
		Debug|Any CPU = Debug|Any CPU
		Release|Any CPU = Release|Any CPU
	EndGlobalSection
	GlobalSection(ProjectConfigurationPlatforms) = postSolution
		{9EAA0064-25EF-47FA-AF58-9579E5318104}.Debug|Any CPU.ActiveCfg = Debug|Any CPU
		{9EAA0064-25EF-47FA-AF58-9579E5318104}.Debug|Any CPU.Build.0 = Debug|Any CPU
		{9EAA0064-25EF-47FA-AF58-9579E5318104}.Release|Any CPU.ActiveCfg = Release|Any CPU
		{9EAA0064-25EF-47FA-AF58-9579E5318104}.Release|Any CPU.Build.0 = Release|Any CPU
		{88B181D9-BA18-4C31-B87D-B9741FE855FB}.Debug|Any CPU.ActiveCfg = Debug|Any CPU
		{88B181D9-BA18-4C31-B87D-B9741FE855FB}.Debug|Any CPU.Build.0 = Debug|Any CPU
		{88B181D9-BA18-4C31-B87D-B9741FE855FB}.Release|Any CPU.ActiveCfg = Release|Any CPU
		{88B181D9-BA18-4C31-B87D-B9741FE855FB}.Release|Any CPU.Build.0 = Release|Any CPU
		{47972F6B-50B9-45A1-A3BE-CD7229E52E58}.Debug|Any CPU.ActiveCfg = Debug|Any CPU
		{47972F6B-50B9-45A1-A3BE-CD7229E52E58}.Debug|Any CPU.Build.0 = Debug|Any CPU
		{47972F6B-50B9-45A1-A3BE-CD7229E52E58}.Release|Any CPU.ActiveCfg = Release|Any CPU
		{47972F6B-50B9-45A1-A3BE-CD7229E52E58}.Release|Any CPU.Build.0 = Release|Any CPU
	EndGlobalSection
	GlobalSection(SolutionProperties) = preSolution
		HideSolutionNode = FALSE
	EndGlobalSection
	GlobalSection(ExtensibilityGlobals) = postSolution
		SolutionGuid = {0671992B-92CA-44D1-8713-EB1DE7B225AE}
	EndGlobalSection
EndGlobal
